{
  "nodes": {
    "flake-compat": {
      "flake": false,
      "locked": {
        "lastModified": 1627557337,
        "narHash": "sha256-S/Aab7AcDS+MopcnkEWu0j3qOGLLaMw1E8VWWQOD+Q8=",
        "owner": "edolstra",
        "repo": "flake-compat",
        "rev": "c6f3b635321160c629b74fefc88c807b59a51646",
        "type": "github"
      },
      "original": {
        "owner": "edolstra",
        "repo": "flake-compat",
        "type": "github"
      }
    },
    "flake-utils": {
      "locked": {
        "lastModified": 1623875721,
        "narHash": "sha256-A8BU7bjS5GirpAUv4QA+QnJ4CceLHkcXdRp4xITDB0s=",
        "owner": "numtide",
        "repo": "flake-utils",
        "rev": "f7e004a55b120c02ecb6219596820fcd32ca8772",
        "type": "github"
      },
      "original": {
        "owner": "numtide",
        "repo": "flake-utils",
        "type": "github"
      }
    },
    "nixpkgs": {
      "locked": {
        "lastModified": 1627692022,
        "narHash": "sha256-C8EOif02hpY68MdJ4oHr3Tp0D/6HwnPWvhhwTPd1lXs=",
        "owner": "NixOS",
        "repo": "nixpkgs",
        "rev": "6463828755b6a03f6af7e549216bef837b03b3e1",
        "type": "github"
      },
      "original": {
        "id": "nixpkgs",
        "type": "indirect"
      }
    },
    "root": {
      "inputs": {
        "flake-compat": "flake-compat",
        "flake-utils": "flake-utils",
        "nixpkgs": "nixpkgs"
      }
    }
  },
  "root": "root",
  "version": 7
}
